
Microsoft Visual Studio Solution File, Format Version 12.00
# Visual Studio Version 17
VisualStudioVersion = 17.5.33627.172
MinimumVisualStudioVersion = 10.0.40219.1
Project("{9A19103F-16F7-4668-BE54-9A1E7A4F7556}") = "Web", "Web\Web.csproj", "{50FEBC64-15B6-49D6-9A9E-DCF6B2263ADE}"
EndProject
Project("{FAE04EC0-301F-11D3-BF4B-00C04F79EFBC}") = "Telegram", "Telegram\Telegram.csproj", "{7F671669-7CA2-4C7E-9BB4-76CA352DF3FF}"
EndProject
Global
	GlobalSection(SolutionConfigurationPlatforms) = preSolution
		Debug|Any CPU = Debug|Any CPU
		Release|Any CPU = Release|Any CPU
	EndGlobalSection
	GlobalSection(ProjectConfigurationPlatforms) = postSolution
		{50FEBC64-15B6-49D6-9A9E-DCF6B2263ADE}.Debug|Any CPU.ActiveCfg = Debug|Any CPU
		{50FEBC64-15B6-49D6-9A9E-DCF6B2263ADE}.Debug|Any CPU.Build.0 = Debug|Any CPU
		{50FEBC64-15B6-49D6-9A9E-DCF6B2263ADE}.Release|Any CPU.ActiveCfg = Release|Any CPU
		{50FEBC64-15B6-49D6-9A9E-DCF6B2263ADE}.Release|Any CPU.Build.0 = Release|Any CPU
		{7F671669-7CA2-4C7E-9BB4-76CA352DF3FF}.Debug|Any CPU.ActiveCfg = Debug|Any CPU
		{7F671669-7CA2-4C7E-9BB4-76CA352DF3FF}.Debug|Any CPU.Build.0 = Debug|Any CPU
		{7F671669-7CA2-4C7E-9BB4-76CA352DF3FF}.Release|Any CPU.ActiveCfg = Release|Any CPU
		{7F671669-7CA2-4C7E-9BB4-76CA352DF3FF}.Release|Any CPU.Build.0 = Release|Any CPU
	EndGlobalSection
	GlobalSection(SolutionProperties) = preSolution
		HideSolutionNode = FALSE
	EndGlobalSection
	GlobalSection(ExtensibilityGlobals) = postSolution
		SolutionGuid = {1F5E59D5-8088-49D8-9D00-3278FC594B3F}
	EndGlobalSection
EndGlobal
